
Microsoft Visual Studio Solution File, Format Version 12.00
# Visual Studio Version 16
VisualStudioVersion = 16.0.31205.134
MinimumVisualStudioVersion = 10.0.40219.1
Project("{FAE04EC0-301F-11D3-BF4B-00C04F79EFBC}") = "HomeWork003", "HomeWork003.csproj", "{D2408C55-AC7C-4BD6-A7D7-098C19CE58A7}"
EndProject
Global
	GlobalSection(SolutionConfigurationPlatforms) = preSolution
		Debug|Any CPU = Debug|Any CPU
		Release|Any CPU = Release|Any CPU
	EndGlobalSection
	GlobalSection(ProjectConfigurationPlatforms) = postSolution
		{D2408C55-AC7C-4BD6-A7D7-098C19CE58A7}.Debug|Any CPU.ActiveCfg = Debug|Any CPU
		{D2408C55-AC7C-4BD6-A7D7-098C19CE58A7}.Debug|Any CPU.Build.0 = Debug|Any CPU
		{D2408C55-AC7C-4BD6-A7D7-098C19CE58A7}.Release|Any CPU.ActiveCfg = Release|Any CPU
		{D2408C55-AC7C-4BD6-A7D7-098C19CE58A7}.Release|Any CPU.Build.0 = Release|Any CPU
	EndGlobalSection
	GlobalSection(SolutionProperties) = preSolution
		HideSolutionNode = FALSE
	EndGlobalSection
	GlobalSection(ExtensibilityGlobals) = postSolution
		SolutionGuid = {940ED585-FBF4-4768-8A06-D1C295C8A144}
	EndGlobalSection
EndGlobal
